
Microsoft Visual Studio Solution File, Format Version 12.00
# Visual Studio Version 16
VisualStudioVersion = 16.0.29728.190
MinimumVisualStudioVersion = 10.0.40219.1
Project("{FAE04EC0-301F-11D3-BF4B-00C04F79EFBC}") = "AppConsole", "AppConsole\AppConsole.csproj", "{F1EF910F-5524-4A22-9400-D80A8CFAC7F1}"
EndProject
Project("{FAE04EC0-301F-11D3-BF4B-00C04F79EFBC}") = "AppWeb", "AppWeb\AppWeb.csproj", "{ED8417B8-5912-4AF6-AB32-BD327A4C5D30}"
EndProject
Global
	GlobalSection(SolutionConfigurationPlatforms) = preSolution
		Debug|Any CPU = Debug|Any CPU
		Release|Any CPU = Release|Any CPU
	EndGlobalSection
	GlobalSection(ProjectConfigurationPlatforms) = postSolution
		{F1EF910F-5524-4A22-9400-D80A8CFAC7F1}.Debug|Any CPU.ActiveCfg = Debug|Any CPU
		{F1EF910F-5524-4A22-9400-D80A8CFAC7F1}.Debug|Any CPU.Build.0 = Debug|Any CPU
		{F1EF910F-5524-4A22-9400-D80A8CFAC7F1}.Release|Any CPU.ActiveCfg = Release|Any CPU
		{F1EF910F-5524-4A22-9400-D80A8CFAC7F1}.Release|Any CPU.Build.0 = Release|Any CPU
		{ED8417B8-5912-4AF6-AB32-BD327A4C5D30}.Debug|Any CPU.ActiveCfg = Debug|Any CPU
		{ED8417B8-5912-4AF6-AB32-BD327A4C5D30}.Debug|Any CPU.Build.0 = Debug|Any CPU
		{ED8417B8-5912-4AF6-AB32-BD327A4C5D30}.Release|Any CPU.ActiveCfg = Release|Any CPU
		{ED8417B8-5912-4AF6-AB32-BD327A4C5D30}.Release|Any CPU.Build.0 = Release|Any CPU
	EndGlobalSection
	GlobalSection(SolutionProperties) = preSolution
		HideSolutionNode = FALSE
	EndGlobalSection
	GlobalSection(ExtensibilityGlobals) = postSolution
		SolutionGuid = {80817817-0542-4AC8-9100-273E9D843609}
	EndGlobalSection
EndGlobal
